// !$*UTF8*$!
{
	archiveVersion = 1;
	classes = {
	};
	objectVersion = 55;
	objects = {

/* Begin PBXBuildFile section */
		00301B1227DA610200E72D01 /* RecordsCaretacer.swift in Sources */ = {isa = PBXBuildFile; fileRef = 00301B1127DA610200E72D01 /* RecordsCaretacer.swift */; };
		00301B1527DA66BE00E72D01 /* RecordsTableViewController.swift in Sources */ = {isa = PBXBuildFile; fileRef = 00301B1427DA66BE00E72D01 /* RecordsTableViewController.swift */; };
		00301B1727DA795700E72D01 /* RecordsTableViewCell.swift in Sources */ = {isa = PBXBuildFile; fileRef = 00301B1627DA795700E72D01 /* RecordsTableViewCell.swift */; };
		00301B1A27DCFB0900E72D01 /* SettingsViewController.swift in Sources */ = {isa = PBXBuildFile; fileRef = 00301B1927DCFB0900E72D01 /* SettingsViewController.swift */; };
		00301B1C27DE1DC800E72D01 /* QuestionsOrder.swift in Sources */ = {isa = PBXBuildFile; fileRef = 00301B1B27DE1DC800E72D01 /* QuestionsOrder.swift */; };
		00301B1F27DF759C00E72D01 /* QuestionOrderStrategy.swift in Sources */ = {isa = PBXBuildFile; fileRef = 00301B1E27DF759C00E72D01 /* QuestionOrderStrategy.swift */; };
		00301B2127DF778800E72D01 /* QuestionsOrderSuccessivelyStrategy.swift in Sources */ = {isa = PBXBuildFile; fileRef = 00301B2027DF778800E72D01 /* QuestionsOrderSuccessivelyStrategy.swift */; };
		00301B2327DF790A00E72D01 /* QuestionsOrderRandomStrategy.swift in Sources */ = {isa = PBXBuildFile; fileRef = 00301B2227DF790A00E72D01 /* QuestionsOrderRandomStrategy.swift */; };
		00301B2627DFACCE00E72D01 /* AddQuestionsScreenViewController.swift in Sources */ = {isa = PBXBuildFile; fileRef = 00301B2527DFACCE00E72D01 /* AddQuestionsScreenViewController.swift */; };
		00301B2927E07D5600E72D01 /* QuestionsCaretacer.swift in Sources */ = {isa = PBXBuildFile; fileRef = 00301B2827E07D5600E72D01 /* QuestionsCaretacer.swift */; };
		0063243F27CCE41800F79622 /* AppDelegate.swift in Sources */ = {isa = PBXBuildFile; fileRef = 0063243E27CCE41800F79622 /* AppDelegate.swift */; };
		0063244127CCE41800F79622 /* SceneDelegate.swift in Sources */ = {isa = PBXBuildFile; fileRef = 0063244027CCE41800F79622 /* SceneDelegate.swift */; };
		0063244627CCE41800F79622 /* Main.storyboard in Resources */ = {isa = PBXBuildFile; fileRef = 0063244427CCE41800F79622 /* Main.storyboard */; };
		0063244827CCE41B00F79622 /* Assets.xcassets in Resources */ = {isa = PBXBuildFile; fileRef = 0063244727CCE41B00F79622 /* Assets.xcassets */; };
		0063244B27CCE41B00F79622 /* LaunchScreen.storyboard in Resources */ = {isa = PBXBuildFile; fileRef = 0063244927CCE41B00F79622 /* LaunchScreen.storyboard */; };
		0063245627CCEC2200F79622 /* GameSceneViewController.swift in Sources */ = {isa = PBXBuildFile; fileRef = 0063245527CCEC2200F79622 /* GameSceneViewController.swift */; };
		0063245927CCECA700F79622 /* Question.swift in Sources */ = {isa = PBXBuildFile; fileRef = 0063245827CCECA700F79622 /* Question.swift */; };
		0063245B27CCEE4500F79622 /* Questionslibrary.swift in Sources */ = {isa = PBXBuildFile; fileRef = 0063245A27CCEE4500F79622 /* Questionslibrary.swift */; };
		0063245E27CD0F0000F79622 /* StartScreenViewController.swift in Sources */ = {isa = PBXBuildFile; fileRef = 0063245D27CD0F0000F79622 /* StartScreenViewController.swift */; };
		0063246027CD3EC900F79622 /* CustomsAnimationServise.swift in Sources */ = {isa = PBXBuildFile; fileRef = 0063245F27CD3EC900F79622 /* CustomsAnimationServise.swift */; };
		0063246227CD516A00F79622 /* Game.swift in Sources */ = {isa = PBXBuildFile; fileRef = 0063246127CD516A00F79622 /* Game.swift */; };
		0063246427CD518500F79622 /* GameSession.swift in Sources */ = {isa = PBXBuildFile; fileRef = 0063246327CD518500F79622 /* GameSession.swift */; };
/* End PBXBuildFile section */

/* Begin PBXFileReference section */
		00301B1127DA610200E72D01 /* RecordsCaretacer.swift */ = {isa = PBXFileReference; lastKnownFileType = sourcecode.swift; path = RecordsCaretacer.swift; sourceTree = "<group>"; };
		00301B1427DA66BE00E72D01 /* RecordsTableViewController.swift */ = {isa = PBXFileReference; lastKnownFileType = sourcecode.swift; path = RecordsTableViewController.swift; sourceTree = "<group>"; };
		00301B1627DA795700E72D01 /* RecordsTableViewCell.swift */ = {isa = PBXFileReference; lastKnownFileType = sourcecode.swift; path = RecordsTableViewCell.swift; sourceTree = "<group>"; };
		00301B1927DCFB0900E72D01 /* SettingsViewController.swift */ = {isa = PBXFileReference; lastKnownFileType = sourcecode.swift; path = SettingsViewController.swift; sourceTree = "<group>"; };
		00301B1B27DE1DC800E72D01 /* QuestionsOrder.swift */ = {isa = PBXFileReference; lastKnownFileType = sourcecode.swift; path = QuestionsOrder.swift; sourceTree = "<group>"; };
		00301B1E27DF759C00E72D01 /* QuestionOrderStrategy.swift */ = {isa = PBXFileReference; lastKnownFileType = sourcecode.swift; path = QuestionOrderStrategy.swift; sourceTree = "<group>"; };
		00301B2027DF778800E72D01 /* QuestionsOrderSuccessivelyStrategy.swift */ = {isa = PBXFileReference; lastKnownFileType = sourcecode.swift; path = QuestionsOrderSuccessivelyStrategy.swift; sourceTree = "<group>"; };
		00301B2227DF790A00E72D01 /* QuestionsOrderRandomStrategy.swift */ = {isa = PBXFileReference; lastKnownFileType = sourcecode.swift; path = QuestionsOrderRandomStrategy.swift; sourceTree = "<group>"; };
		00301B2527DFACCE00E72D01 /* AddQuestionsScreenViewController.swift */ = {isa = PBXFileReference; lastKnownFileType = sourcecode.swift; path = AddQuestionsScreenViewController.swift; sourceTree = "<group>"; };
		00301B2827E07D5600E72D01 /* QuestionsCaretacer.swift */ = {isa = PBXFileReference; lastKnownFileType = sourcecode.swift; path = QuestionsCaretacer.swift; sourceTree = "<group>"; };
		0063243B27CCE41800F79622 /* KS_who_want_to_be_a_millionaire.app */ = {isa = PBXFileReference; explicitFileType = wrapper.application; includeInIndex = 0; path = KS_who_want_to_be_a_millionaire.app; sourceTree = BUILT_PRODUCTS_DIR; };
		0063243E27CCE41800F79622 /* AppDelegate.swift */ = {isa = PBXFileReference; lastKnownFileType = sourcecode.swift; path = AppDelegate.swift; sourceTree = "<group>"; };
		0063244027CCE41800F79622 /* SceneDelegate.swift */ = {isa = PBXFileReference; lastKnownFileType = sourcecode.swift; path = SceneDelegate.swift; sourceTree = "<group>"; };
		0063244527CCE41800F79622 /* Base */ = {isa = PBXFileReference; lastKnownFileType = file.storyboard; name = Base; path = Base.lproj/Main.storyboard; sourceTree = "<group>"; };
		0063244727CCE41B00F79622 /* Assets.xcassets */ = {isa = PBXFileReference; lastKnownFileType = folder.assetcatalog; path = Assets.xcassets; sourceTree = "<group>"; };
		0063244A27CCE41B00F79622 /* Base */ = {isa = PBXFileReference; lastKnownFileType = file.storyboard; name = Base; path = Base.lproj/LaunchScreen.storyboard; sourceTree = "<group>"; };
		0063244C27CCE41B00F79622 /* Info.plist */ = {isa = PBXFileReference; lastKnownFileType = text.plist.xml; path = Info.plist; sourceTree = "<group>"; };
		0063245527CCEC2200F79622 /* GameSceneViewController.swift */ = {isa = PBXFileReference; lastKnownFileType = sourcecode.swift; path = GameSceneViewController.swift; sourceTree = "<group>"; };
		0063245827CCECA700F79622 /* Question.swift */ = {isa = PBXFileReference; lastKnownFileType = sourcecode.swift; path = Question.swift; sourceTree = "<group>"; };
		0063245A27CCEE4500F79622 /* Questionslibrary.swift */ = {isa = PBXFileReference; lastKnownFileType = sourcecode.swift; path = Questionslibrary.swift; sourceTree = "<group>"; };
		0063245D27CD0F0000F79622 /* StartScreenViewController.swift */ = {isa = PBXFileReference; lastKnownFileType = sourcecode.swift; path = StartScreenViewController.swift; sourceTree = "<group>"; };
		0063245F27CD3EC900F79622 /* CustomsAnimationServise.swift */ = {isa = PBXFileReference; lastKnownFileType = sourcecode.swift; path = CustomsAnimationServise.swift; sourceTree = "<group>"; };
		0063246127CD516A00F79622 /* Game.swift */ = {isa = PBXFileReference; lastKnownFileType = sourcecode.swift; path = Game.swift; sourceTree = "<group>"; };
		0063246327CD518500F79622 /* GameSession.swift */ = {isa = PBXFileReference; lastKnownFileType = sourcecode.swift; path = GameSession.swift; sourceTree = "<group>"; };
/* End PBXFileReference section */

/* Begin PBXFrameworksBuildPhase section */
		0063243827CCE41800F79622 /* Frameworks */ = {
			isa = PBXFrameworksBuildPhase;
			buildActionMask = 2147483647;
			files = (
			);
			runOnlyForDeploymentPostprocessing = 0;
		};
/* End PBXFrameworksBuildPhase section */

/* Begin PBXGroup section */
		00301B1327DA669200E72D01 /* Records */ = {
			isa = PBXGroup;
			children = (
				00301B1427DA66BE00E72D01 /* RecordsTableViewController.swift */,
				00301B1627DA795700E72D01 /* RecordsTableViewCell.swift */,
			);
			path = Records;
			sourceTree = "<group>";
		};
		00301B1827DCFAD600E72D01 /* Settings */ = {
			isa = PBXGroup;
			children = (
				00301B1927DCFB0900E72D01 /* SettingsViewController.swift */,
				00301B1B27DE1DC800E72D01 /* QuestionsOrder.swift */,
			);
			path = Settings;
			sourceTree = "<group>";
		};
		00301B1D27DF74E600E72D01 /* Strategy */ = {
			isa = PBXGroup;
			children = (
				00301B1E27DF759C00E72D01 /* QuestionOrderStrategy.swift */,
				00301B2027DF778800E72D01 /* QuestionsOrderSuccessivelyStrategy.swift */,
				00301B2227DF790A00E72D01 /* QuestionsOrderRandomStrategy.swift */,
			);
			path = Strategy;
			sourceTree = "<group>";
		};
		00301B2427DFAC7A00E72D01 /* AddQuestionsScreen */ = {
			isa = PBXGroup;
			children = (
				00301B2527DFACCE00E72D01 /* AddQuestionsScreenViewController.swift */,
			);
			path = AddQuestionsScreen;
			sourceTree = "<group>";
		};
		00301B2727E07C8100E72D01 /* Caretacers */ = {
			isa = PBXGroup;
			children = (
				00301B1127DA610200E72D01 /* RecordsCaretacer.swift */,
				00301B2827E07D5600E72D01 /* QuestionsCaretacer.swift */,
			);
			path = Caretacers;
			sourceTree = "<group>";
		};
		0063243227CCE41800F79622 = {
			isa = PBXGroup;
			children = (
				0063243D27CCE41800F79622 /* KS_who_want_to_be_a_millionaire */,
				0063243C27CCE41800F79622 /* Products */,
			);
			sourceTree = "<group>";
		};
		0063243C27CCE41800F79622 /* Products */ = {
			isa = PBXGroup;
			children = (
				0063243B27CCE41800F79622 /* KS_who_want_to_be_a_millionaire.app */,
			);
			name = Products;
			sourceTree = "<group>";
		};
		0063243D27CCE41800F79622 /* KS_who_want_to_be_a_millionaire */ = {
			isa = PBXGroup;
			children = (
				0063243E27CCE41800F79622 /* AppDelegate.swift */,
				0063244027CCE41800F79622 /* SceneDelegate.swift */,
				0063245227CCE49200F79622 /* Modules */,
				0063245327CCE4B300F79622 /* Service */,
				0063244427CCE41800F79622 /* Main.storyboard */,
				0063244727CCE41B00F79622 /* Assets.xcassets */,
				0063244927CCE41B00F79622 /* LaunchScreen.storyboard */,
				0063244C27CCE41B00F79622 /* Info.plist */,
			);
			path = KS_who_want_to_be_a_millionaire;
			sourceTree = "<group>";
		};
		0063245227CCE49200F79622 /* Modules */ = {
			isa = PBXGroup;
			children = (
				0063245C27CD0EB500F79622 /* StartScreen */,
				0063245427CCEB7700F79622 /* GameScene */,
				00301B1827DCFAD600E72D01 /* Settings */,
				00301B2427DFAC7A00E72D01 /* AddQuestionsScreen */,
				00301B1327DA669200E72D01 /* Records */,
			);
			path = Modules;
			sourceTree = "<group>";
		};
		0063245327CCE4B300F79622 /* Service */ = {
			isa = PBXGroup;
			children = (
				00301B2727E07C8100E72D01 /* Caretacers */,
				00301B1D27DF74E600E72D01 /* Strategy */,
				0063245A27CCEE4500F79622 /* Questionslibrary.swift */,
				0063245F27CD3EC900F79622 /* CustomsAnimationServise.swift */,
				0063246127CD516A00F79622 /* Game.swift */,
				0063246327CD518500F79622 /* GameSession.swift */,
			);
			path = Service;
			sourceTree = "<group>";
		};
		0063245427CCEB7700F79622 /* GameScene */ = {
			isa = PBXGroup;
			children = (
				0063245527CCEC2200F79622 /* GameSceneViewController.swift */,
				0063245727CCEC2C00F79622 /* Models */,
			);
			path = GameScene;
			sourceTree = "<group>";
		};
		0063245727CCEC2C00F79622 /* Models */ = {
			isa = PBXGroup;
			children = (
				0063245827CCECA700F79622 /* Question.swift */,
			);
			path = Models;
			sourceTree = "<group>";
		};
		0063245C27CD0EB500F79622 /* StartScreen */ = {
			isa = PBXGroup;
			children = (
				0063245D27CD0F0000F79622 /* StartScreenViewController.swift */,
			);
			path = StartScreen;
			sourceTree = "<group>";
		};
/* End PBXGroup section */

/* Begin PBXNativeTarget section */
		0063243A27CCE41800F79622 /* KS_who_want_to_be_a_millionaire */ = {
			isa = PBXNativeTarget;
			buildConfigurationList = 0063244F27CCE41B00F79622 /* Build configuration list for PBXNativeTarget "KS_who_want_to_be_a_millionaire" */;
			buildPhases = (
				0063243727CCE41800F79622 /* Sources */,
				0063243827CCE41800F79622 /* Frameworks */,
				0063243927CCE41800F79622 /* Resources */,
			);
			buildRules = (
			);
			dependencies = (
			);
			name = KS_who_want_to_be_a_millionaire;
			productName = KS_who_want_to_be_a_millionaire;
			productReference = 0063243B27CCE41800F79622 /* KS_who_want_to_be_a_millionaire.app */;
			productType = "com.apple.product-type.application";
		};
/* End PBXNativeTarget section */

/* Begin PBXProject section */
		0063243327CCE41800F79622 /* Project object */ = {
			isa = PBXProject;
			attributes = {
				BuildIndependentTargetsInParallel = 1;
				LastSwiftUpdateCheck = 1320;
				LastUpgradeCheck = 1320;
				TargetAttributes = {
					0063243A27CCE41800F79622 = {
						CreatedOnToolsVersion = 13.2.1;
					};
				};
			};
			buildConfigurationList = 0063243627CCE41800F79622 /* Build configuration list for PBXProject "KS_who_want_to_be_a_millionaire" */;
			compatibilityVersion = "Xcode 13.0";
			developmentRegion = en;
			hasScannedForEncodings = 0;
			knownRegions = (
				en,
				Base,
			);
			mainGroup = 0063243227CCE41800F79622;
			productRefGroup = 0063243C27CCE41800F79622 /* Products */;
			projectDirPath = "";
			projectRoot = "";
			targets = (
				0063243A27CCE41800F79622 /* KS_who_want_to_be_a_millionaire */,
			);
		};
/* End PBXProject section */

/* Begin PBXResourcesBuildPhase section */
		0063243927CCE41800F79622 /* Resources */ = {
			isa = PBXResourcesBuildPhase;
			buildActionMask = 2147483647;
			files = (
				0063244B27CCE41B00F79622 /* LaunchScreen.storyboard in Resources */,
				0063244827CCE41B00F79622 /* Assets.xcassets in Resources */,
				0063244627CCE41800F79622 /* Main.storyboard in Resources */,
			);
			runOnlyForDeploymentPostprocessing = 0;
		};
/* End PBXResourcesBuildPhase section */

/* Begin PBXSourcesBuildPhase section */
		0063243727CCE41800F79622 /* Sources */ = {
			isa = PBXSourcesBuildPhase;
			buildActionMask = 2147483647;
			files = (
				0063245927CCECA700F79622 /* Question.swift in Sources */,
				00301B1F27DF759C00E72D01 /* QuestionOrderStrategy.swift in Sources */,
				00301B1227DA610200E72D01 /* RecordsCaretacer.swift in Sources */,
				00301B1C27DE1DC800E72D01 /* QuestionsOrder.swift in Sources */,
				0063245B27CCEE4500F79622 /* Questionslibrary.swift in Sources */,
				0063246027CD3EC900F79622 /* CustomsAnimationServise.swift in Sources */,
				00301B2627DFACCE00E72D01 /* AddQuestionsScreenViewController.swift in Sources */,
				0063243F27CCE41800F79622 /* AppDelegate.swift in Sources */,
				0063245E27CD0F0000F79622 /* StartScreenViewController.swift in Sources */,
				00301B1727DA795700E72D01 /* RecordsTableViewCell.swift in Sources */,
				0063244127CCE41800F79622 /* SceneDelegate.swift in Sources */,
				0063245627CCEC2200F79622 /* GameSceneViewController.swift in Sources */,
				00301B1527DA66BE00E72D01 /* RecordsTableViewController.swift in Sources */,
				00301B2927E07D5600E72D01 /* QuestionsCaretacer.swift in Sources */,
				00301B1A27DCFB0900E72D01 /* SettingsViewController.swift in Sources */,
				00301B2327DF790A00E72D01 /* QuestionsOrderRandomStrategy.swift in Sources */,
				0063246427CD518500F79622 /* GameSession.swift in Sources */,
				0063246227CD516A00F79622 /* Game.swift in Sources */,
				00301B2127DF778800E72D01 /* QuestionsOrderSuccessivelyStrategy.swift in Sources */,
			);
			runOnlyForDeploymentPostprocessing = 0;
		};
/* End PBXSourcesBuildPhase section */

/* Begin PBXVariantGroup section */
		0063244427CCE41800F79622 /* Main.storyboard */ = {
			isa = PBXVariantGroup;
			children = (
				0063244527CCE41800F79622 /* Base */,
			);
			name = Main.storyboard;
			sourceTree = "<group>";
		};
		0063244927CCE41B00F79622 /* LaunchScreen.storyboard */ = {
			isa = PBXVariantGroup;
			children = (
				0063244A27CCE41B00F79622 /* Base */,
			);
			name = LaunchScreen.storyboard;
			sourceTree = "<group>";
		};
/* End PBXVariantGroup section */

/* Begin XCBuildConfiguration section */
		0063244D27CCE41B00F79622 /* Debug */ = {
			isa = XCBuildConfiguration;
			buildSettings = {
				ALWAYS_SEARCH_USER_PATHS = NO;
				CLANG_ANALYZER_NONNULL = YES;
				CLANG_ANALYZER_NUMBER_OBJECT_CONVERSION = YES_AGGRESSIVE;
				CLANG_CXX_LANGUAGE_STANDARD = "gnu++17";
				CLANG_CXX_LIBRARY = "libc++";
				CLANG_ENABLE_MODULES = YES;
				CLANG_ENABLE_OBJC_ARC = YES;
				CLANG_ENABLE_OBJC_WEAK = YES;
				CLANG_WARN_BLOCK_CAPTURE_AUTORELEASING = YES;
				CLANG_WARN_BOOL_CONVERSION = YES;
				CLANG_WARN_COMMA = YES;
				CLANG_WARN_CONSTANT_CONVERSION = YES;
				CLANG_WARN_DEPRECATED_OBJC_IMPLEMENTATIONS = YES;
				CLANG_WARN_DIRECT_OBJC_ISA_USAGE = YES_ERROR;
				CLANG_WARN_DOCUMENTATION_COMMENTS = YES;
				CLANG_WARN_EMPTY_BODY = YES;
				CLANG_WARN_ENUM_CONVERSION = YES;
				CLANG_WARN_INFINITE_RECURSION = YES;
				CLANG_WARN_INT_CONVERSION = YES;
				CLANG_WARN_NON_LITERAL_NULL_CONVERSION = YES;
				CLANG_WARN_OBJC_IMPLICIT_RETAIN_SELF = YES;
				CLANG_WARN_OBJC_LITERAL_CONVERSION = YES;
				CLANG_WARN_OBJC_ROOT_CLASS = YES_ERROR;
				CLANG_WARN_QUOTED_INCLUDE_IN_FRAMEWORK_HEADER = YES;
				CLANG_WARN_RANGE_LOOP_ANALYSIS = YES;
				CLANG_WARN_STRICT_PROTOTYPES = YES;
				CLANG_WARN_SUSPICIOUS_MOVE = YES;
				CLANG_WARN_UNGUARDED_AVAILABILITY = YES_AGGRESSIVE;
				CLANG_WARN_UNREACHABLE_CODE = YES;
				CLANG_WARN__DUPLICATE_METHOD_MATCH = YES;
				COPY_PHASE_STRIP = NO;
				DEBUG_INFORMATION_FORMAT = dwarf;
				ENABLE_STRICT_OBJC_MSGSEND = YES;
				ENABLE_TESTABILITY = YES;
				GCC_C_LANGUAGE_STANDARD = gnu11;
				GCC_DYNAMIC_NO_PIC = NO;
				GCC_NO_COMMON_BLOCKS = YES;
				GCC_OPTIMIZATION_LEVEL = 0;
				GCC_PREPROCESSOR_DEFINITIONS = (
					"DEBUG=1",
					"$(inherited)",
				);
				GCC_WARN_64_TO_32_BIT_CONVERSION = YES;
				GCC_WARN_ABOUT_RETURN_TYPE = YES_ERROR;
				GCC_WARN_UNDECLARED_SELECTOR = YES;
				GCC_WARN_UNINITIALIZED_AUTOS = YES_AGGRESSIVE;
				GCC_WARN_UNUSED_FUNCTION = YES;
				GCC_WARN_UNUSED_VARIABLE = YES;
				IPHONEOS_DEPLOYMENT_TARGET = 15.2;
				MTL_ENABLE_DEBUG_INFO = INCLUDE_SOURCE;
				MTL_FAST_MATH = YES;
				ONLY_ACTIVE_ARCH = YES;
				SDKROOT = iphoneos;
				SWIFT_ACTIVE_COMPILATION_CONDITIONS = DEBUG;
				SWIFT_OPTIMIZATION_LEVEL = "-Onone";
			};
			name = Debug;
		};
		0063244E27CCE41B00F79622 /* Release */ = {
			isa = XCBuildConfiguration;
			buildSettings = {
				ALWAYS_SEARCH_USER_PATHS = NO;
				CLANG_ANALYZER_NONNULL = YES;
				CLANG_ANALYZER_NUMBER_OBJECT_CONVERSION = YES_AGGRESSIVE;
				CLANG_CXX_LANGUAGE_STANDARD = "gnu++17";
				CLANG_CXX_LIBRARY = "libc++";
				CLANG_ENABLE_MODULES = YES;
				CLANG_ENABLE_OBJC_ARC = YES;
				CLANG_ENABLE_OBJC_WEAK = YES;
				CLANG_WARN_BLOCK_CAPTURE_AUTORELEASING = YES;
				CLANG_WARN_BOOL_CONVERSION = YES;
				CLANG_WARN_COMMA = YES;
				CLANG_WARN_CONSTANT_CONVERSION = YES;
				CLANG_WARN_DEPRECATED_OBJC_IMPLEMENTATIONS = YES;
				CLANG_WARN_DIRECT_OBJC_ISA_USAGE = YES_ERROR;
				CLANG_WARN_DOCUMENTATION_COMMENTS = YES;
				CLANG_WARN_EMPTY_BODY = YES;
				CLANG_WARN_ENUM_CONVERSION = YES;
				CLANG_WARN_INFINITE_RECURSION = YES;
				CLANG_WARN_INT_CONVERSION = YES;
				CLANG_WARN_NON_LITERAL_NULL_CONVERSION = YES;
				CLANG_WARN_OBJC_IMPLICIT_RETAIN_SELF = YES;
				CLANG_WARN_OBJC_LITERAL_CONVERSION = YES;
				CLANG_WARN_OBJC_ROOT_CLASS = YES_ERROR;
				CLANG_WARN_QUOTED_INCLUDE_IN_FRAMEWORK_HEADER = YES;
				CLANG_WARN_RANGE_LOOP_ANALYSIS = YES;
				CLANG_WARN_STRICT_PROTOTYPES = YES;
				CLANG_WARN_SUSPICIOUS_MOVE = YES;
				CLANG_WARN_UNGUARDED_AVAILABILITY = YES_AGGRESSIVE;
				CLANG_WARN_UNREACHABLE_CODE = YES;
				CLANG_WARN__DUPLICATE_METHOD_MATCH = YES;
				COPY_PHASE_STRIP = NO;
				DEBUG_INFORMATION_FORMAT = "dwarf-with-dsym";
				ENABLE_NS_ASSERTIONS = NO;
				ENABLE_STRICT_OBJC_MSGSEND = YES;
				GCC_C_LANGUAGE_STANDARD = gnu11;
				GCC_NO_COMMON_BLOCKS = YES;
				GCC_WARN_64_TO_32_BIT_CONVERSION = YES;
				GCC_WARN_ABOUT_RETURN_TYPE = YES_ERROR;
				GCC_WARN_UNDECLARED_SELECTOR = YES;
				GCC_WARN_UNINITIALIZED_AUTOS = YES_AGGRESSIVE;
				GCC_WARN_UNUSED_FUNCTION = YES;
				GCC_WARN_UNUSED_VARIABLE = YES;
				IPHONEOS_DEPLOYMENT_TARGET = 15.2;
				MTL_ENABLE_DEBUG_INFO = NO;
				MTL_FAST_MATH = YES;
				SDKROOT = iphoneos;
				SWIFT_COMPILATION_MODE = wholemodule;
				SWIFT_OPTIMIZATION_LEVEL = "-O";
				VALIDATE_PRODUCT = YES;
			};
			name = Release;
		};
		0063245027CCE41B00F79622 /* Debug */ = {
			isa = XCBuildConfiguration;
			buildSettings = {
				ASSETCATALOG_COMPILER_APPICON_NAME = AppIcon;
				ASSETCATALOG_COMPILER_GLOBAL_ACCENT_COLOR_NAME = AccentColor;
				CODE_SIGN_STYLE = Automatic;
				CURRENT_PROJECT_VERSION = 1;
				DEVELOPMENT_TEAM = T8K8YS2863;
				GENERATE_INFOPLIST_FILE = YES;
				INFOPLIST_FILE = KS_who_want_to_be_a_millionaire/Info.plist;
				INFOPLIST_KEY_UIApplicationSupportsIndirectInputEvents = YES;
				INFOPLIST_KEY_UILaunchStoryboardName = LaunchScreen;
				INFOPLIST_KEY_UIMainStoryboardFile = Main;
				INFOPLIST_KEY_UISupportedInterfaceOrientations_iPad = "UIInterfaceOrientationPortrait UIInterfaceOrientationPortraitUpsideDown UIInterfaceOrientationLandscapeLeft UIInterfaceOrientationLandscapeRight";
				INFOPLIST_KEY_UISupportedInterfaceOrientations_iPhone = "UIInterfaceOrientationPortrait UIInterfaceOrientationLandscapeLeft UIInterfaceOrientationLandscapeRight";
				LD_RUNPATH_SEARCH_PATHS = (
					"$(inherited)",
					"@executable_path/Frameworks",
				);
				MARKETING_VERSION = 1.0;
				PRODUCT_BUNDLE_IDENTIFIER = "gb.KS-who-want-to-be-a-millionaire";
				PRODUCT_NAME = "$(TARGET_NAME)";
				SWIFT_EMIT_LOC_STRINGS = YES;
				SWIFT_VERSION = 5.0;
				TARGETED_DEVICE_FAMILY = "1,2";
			};
			name = Debug;
		};
		0063245127CCE41B00F79622 /* Release */ = {
			isa = XCBuildConfiguration;
			buildSettings = {
				ASSETCATALOG_COMPILER_APPICON_NAME = AppIcon;
				ASSETCATALOG_COMPILER_GLOBAL_ACCENT_COLOR_NAME = AccentColor;
				CODE_SIGN_STYLE = Automatic;
				CURRENT_PROJECT_VERSION = 1;
				DEVELOPMENT_TEAM = T8K8YS2863;
				GENERATE_INFOPLIST_FILE = YES;
				INFOPLIST_FILE = KS_who_want_to_be_a_millionaire/Info.plist;
				INFOPLIST_KEY_UIApplicationSupportsIndirectInputEvents = YES;
				INFOPLIST_KEY_UILaunchStoryboardName = LaunchScreen;
				INFOPLIST_KEY_UIMainStoryboardFile = Main;
				INFOPLIST_KEY_UISupportedInterfaceOrientations_iPad = "UIInterfaceOrientationPortrait UIInterfaceOrientationPortraitUpsideDown UIInterfaceOrientationLandscapeLeft UIInterfaceOrientationLandscapeRight";
				INFOPLIST_KEY_UISupportedInterfaceOrientations_iPhone = "UIInterfaceOrientationPortrait UIInterfaceOrientationLandscapeLeft UIInterfaceOrientationLandscapeRight";
				LD_RUNPATH_SEARCH_PATHS = (
					"$(inherited)",
					"@executable_path/Frameworks",
				);
				MARKETING_VERSION = 1.0;
				PRODUCT_BUNDLE_IDENTIFIER = "gb.KS-who-want-to-be-a-millionaire";
				PRODUCT_NAME = "$(TARGET_NAME)";
				SWIFT_EMIT_LOC_STRINGS = YES;
				SWIFT_VERSION = 5.0;
				TARGETED_DEVICE_FAMILY = "1,2";
			};
			name = Release;
		};
/* End XCBuildConfiguration section */

/* Begin XCConfigurationList section */
		0063243627CCE41800F79622 /* Build configuration list for PBXProject "KS_who_want_to_be_a_millionaire" */ = {
			isa = XCConfigurationList;
			buildConfigurations = (
				0063244D27CCE41B00F79622 /* Debug */,
				0063244E27CCE41B00F79622 /* Release */,
			);
			defaultConfigurationIsVisible = 0;
			defaultConfigurationName = Release;
		};
		0063244F27CCE41B00F79622 /* Build configuration list for PBXNativeTarget "KS_who_want_to_be_a_millionaire" */ = {
			isa = XCConfigurationList;
			buildConfigurations = (
				0063245027CCE41B00F79622 /* Debug */,
				0063245127CCE41B00F79622 /* Release */,
			);
			defaultConfigurationIsVisible = 0;
			defaultConfigurationName = Release;
		};
/* End XCConfigurationList section */
	};
	rootObject = 0063243327CCE41800F79622 /* Project object */;
}
